Microsoft Visual Studio Solution File, Format Version 11.00
# Visual Studio 2008

Project("{94B08933-9CE0-C6FC-1EAE-F486CBB355FC}") = "Spacepakto", "Assembly-CSharp.csproj", "{83DDBB19-88D3-FEC9-FC66-1A4D8DD3BF39}"
EndProject
Global
	GlobalSection(SolutionConfigurationPlatforms) = preSolution
		Debug|Any CPU = Debug|Any CPU
		Release|Any CPU = Release|Any CPU
	EndGlobalSection
	GlobalSection(ProjectConfigurationPlatforms) = postSolution
		{83DDBB19-88D3-FEC9-FC66-1A4D8DD3BF39}.Debug|Any CPU.ActiveCfg = Debug|Any CPU
		{83DDBB19-88D3-FEC9-FC66-1A4D8DD3BF39}.Debug|Any CPU.Build.0 = Debug|Any CPU
		{83DDBB19-88D3-FEC9-FC66-1A4D8DD3BF39}.Release|Any CPU.ActiveCfg = Release|Any CPU
		{83DDBB19-88D3-FEC9-FC66-1A4D8DD3BF39}.Release|Any CPU.Build.0 = Release|Any CPU
	EndGlobalSection
	GlobalSection(SolutionProperties) = preSolution
		HideSolutionNode = FALSE
	EndGlobalSection
	GlobalSection(MonoDevelopProperties) = preSolution
		StartupItem = Assembly-CSharp.csproj
	EndGlobalSection
EndGlobal
